
Microsoft Visual Studio Solution File, Format Version 12.00
# Visual Studio 2013
VisualStudioVersion = 12.0.30501.0
MinimumVisualStudioVersion = 10.0.40219.1
Project("{FAE04EC0-301F-11D3-BF4B-00C04F79EFBC}") = "MyScrabble", "MyScrabble\MyScrabble.csproj", "{7B8816D5-75A2-4518-B8B0-52CF46659FDA}"
EndProject
Project("{FAE04EC0-301F-11D3-BF4B-00C04F79EFBC}") = "MyScrabbleTest", "UIHelperMethodsTest\MyScrabbleTest.csproj", "{A9A006F0-F4A3-4D19-A318-184FB1FBA351}"
EndProject
Project("{F088123C-0E9E-452A-89E6-6BA2F21D5CAC}") = "ModelingProject1", "ModelingProject1\ModelingProject1.modelproj", "{65523318-B5EB-47E3-BF65-0D9EF86F272E}"
EndProject
Global
	GlobalSection(SolutionConfigurationPlatforms) = preSolution
		Debug|Any CPU = Debug|Any CPU
		Release|Any CPU = Release|Any CPU
	EndGlobalSection
	GlobalSection(ProjectConfigurationPlatforms) = postSolution
		{7B8816D5-75A2-4518-B8B0-52CF46659FDA}.Debug|Any CPU.ActiveCfg = Debug|Any CPU
		{7B8816D5-75A2-4518-B8B0-52CF46659FDA}.Debug|Any CPU.Build.0 = Debug|Any CPU
		{7B8816D5-75A2-4518-B8B0-52CF46659FDA}.Release|Any CPU.ActiveCfg = Release|Any CPU
		{7B8816D5-75A2-4518-B8B0-52CF46659FDA}.Release|Any CPU.Build.0 = Release|Any CPU
		{A9A006F0-F4A3-4D19-A318-184FB1FBA351}.Debug|Any CPU.ActiveCfg = Debug|Any CPU
		{A9A006F0-F4A3-4D19-A318-184FB1FBA351}.Debug|Any CPU.Build.0 = Debug|Any CPU
		{A9A006F0-F4A3-4D19-A318-184FB1FBA351}.Release|Any CPU.ActiveCfg = Release|Any CPU
		{A9A006F0-F4A3-4D19-A318-184FB1FBA351}.Release|Any CPU.Build.0 = Release|Any CPU
		{65523318-B5EB-47E3-BF65-0D9EF86F272E}.Debug|Any CPU.ActiveCfg = Debug|Any CPU
		{65523318-B5EB-47E3-BF65-0D9EF86F272E}.Debug|Any CPU.Build.0 = Debug|Any CPU
		{65523318-B5EB-47E3-BF65-0D9EF86F272E}.Release|Any CPU.ActiveCfg = Release|Any CPU
		{65523318-B5EB-47E3-BF65-0D9EF86F272E}.Release|Any CPU.Build.0 = Release|Any CPU
	EndGlobalSection
	GlobalSection(SolutionProperties) = preSolution
		HideSolutionNode = FALSE
	EndGlobalSection
	GlobalSection(SubversionScc) = preSolution
		Svn-Managed = True
		Manager = AnkhSVN - Subversion Support for Visual Studio
	EndGlobalSection
EndGlobal
